{
  "name": "todos-list-application",
  "version": "1.0.0",
  "lockfileVersion": 3,
  "requires": true,
  "packages": {
    "": {
      "name": "todos-list-application",
      "version": "1.0.0",
      "license": "ISC",
      "dependencies": {
        "express-mongodb": "file:",
        "todos-list-application": "file:"
      }
    },
    "node_modules/express-mongodb": {
      "resolved": "",
      "link": true
    },
    "node_modules/todos-list-application": {
      "resolved": "",
      "link": true
    }
  }
}
